
Microsoft Visual Studio Solution File, Format Version 12.00
# Visual Studio 2013
VisualStudioVersion = 12.0.30501.0
MinimumVisualStudioVersion = 10.0.40219.1
Project("{FAE04EC0-301F-11D3-BF4B-00C04F79EFBC}") = "ConsoleApplication4", "ConsoleApplication4\ConsoleApplication4.csproj", "{ACCEEE96-F4B4-4F16-939C-72109F5FB82B}"
EndProject
Global
	GlobalSection(SolutionConfigurationPlatforms) = preSolution
		Debug|Any CPU = Debug|Any CPU
		Release|Any CPU = Release|Any CPU
	EndGlobalSection
	GlobalSection(ProjectConfigurationPlatforms) = postSolution
		{ACCEEE96-F4B4-4F16-939C-72109F5FB82B}.Debug|Any CPU.ActiveCfg = Debug|Any CPU
		{ACCEEE96-F4B4-4F16-939C-72109F5FB82B}.Debug|Any CPU.Build.0 = Debug|Any CPU
		{ACCEEE96-F4B4-4F16-939C-72109F5FB82B}.Release|Any CPU.ActiveCfg = Release|Any CPU
		{ACCEEE96-F4B4-4F16-939C-72109F5FB82B}.Release|Any CPU.Build.0 = Release|Any CPU
	EndGlobalSection
	GlobalSection(SolutionProperties) = preSolution
		HideSolutionNode = FALSE
	EndGlobalSection
EndGlobal
