
Microsoft Visual Studio Solution File, Format Version 12.00
# Visual Studio 2012
Project("{FAE04EC0-301F-11D3-BF4B-00C04F79EFBC}") = "cadPlugIn", "cadPlugIn\cadPlugIn.csproj", "{8E4E69A5-8432-40A1-A58B-39120449BE73}"
EndProject
Global
	GlobalSection(SolutionConfigurationPlatforms) = preSolution
		Debug|Any CPU = Debug|Any CPU
		Release|Any CPU = Release|Any CPU
	EndGlobalSection
	GlobalSection(ProjectConfigurationPlatforms) = postSolution
		{8E4E69A5-8432-40A1-A58B-39120449BE73}.Debug|Any CPU.ActiveCfg = Debug|Any CPU
		{8E4E69A5-8432-40A1-A58B-39120449BE73}.Debug|Any CPU.Build.0 = Debug|Any CPU
		{8E4E69A5-8432-40A1-A58B-39120449BE73}.Release|Any CPU.ActiveCfg = Release|Any CPU
		{8E4E69A5-8432-40A1-A58B-39120449BE73}.Release|Any CPU.Build.0 = Release|Any CPU
	EndGlobalSection
	GlobalSection(SolutionProperties) = preSolution
		HideSolutionNode = FALSE
	EndGlobalSection
EndGlobal
